
Microsoft Visual Studio Solution File, Format Version 12.00
# Visual Studio 2012
Project("{FAE04EC0-301F-11D3-BF4B-00C04F79EFBC}") = "Sample06-Loop For Brak", "Sample06-Loop For Brak\Sample06-Loop For Brak.csproj", "{704513DC-260C-48D2-9C58-E269DF64E67D}"
EndProject
Global
	GlobalSection(SolutionConfigurationPlatforms) = preSolution
		Debug|Any CPU = Debug|Any CPU
		Release|Any CPU = Release|Any CPU
	EndGlobalSection
	GlobalSection(ProjectConfigurationPlatforms) = postSolution
		{704513DC-260C-48D2-9C58-E269DF64E67D}.Debug|Any CPU.ActiveCfg = Debug|Any CPU
		{704513DC-260C-48D2-9C58-E269DF64E67D}.Debug|Any CPU.Build.0 = Debug|Any CPU
		{704513DC-260C-48D2-9C58-E269DF64E67D}.Release|Any CPU.ActiveCfg = Release|Any CPU
		{704513DC-260C-48D2-9C58-E269DF64E67D}.Release|Any CPU.Build.0 = Release|Any CPU
	EndGlobalSection
	GlobalSection(SolutionProperties) = preSolution
		HideSolutionNode = FALSE
	EndGlobalSection
EndGlobal
