
Microsoft Visual Studio Solution File, Format Version 12.00
# Visual Studio 2012
Project("{FAE04EC0-301F-11D3-BF4B-00C04F79EFBC}") = "Sample04 - SubTask", "Sample04 - SubTask\Sample04 - SubTask.csproj", "{B3D26B83-7652-48B9-8B5C-4DB0C299079A}"
EndProject
Global
	GlobalSection(SolutionConfigurationPlatforms) = preSolution
		Debug|Any CPU = Debug|Any CPU
		Release|Any CPU = Release|Any CPU
	EndGlobalSection
	GlobalSection(ProjectConfigurationPlatforms) = postSolution
		{B3D26B83-7652-48B9-8B5C-4DB0C299079A}.Debug|Any CPU.ActiveCfg = Debug|Any CPU
		{B3D26B83-7652-48B9-8B5C-4DB0C299079A}.Debug|Any CPU.Build.0 = Debug|Any CPU
		{B3D26B83-7652-48B9-8B5C-4DB0C299079A}.Release|Any CPU.ActiveCfg = Release|Any CPU
		{B3D26B83-7652-48B9-8B5C-4DB0C299079A}.Release|Any CPU.Build.0 = Release|Any CPU
	EndGlobalSection
	GlobalSection(SolutionProperties) = preSolution
		HideSolutionNode = FALSE
	EndGlobalSection
EndGlobal
